
Microsoft Visual Studio Solution File, Format Version 12.00
# Visual Studio 15
VisualStudioVersion = 15.0.27004.2002
MinimumVisualStudioVersion = 10.0.40219.1
Project("{FAE04EC0-301F-11D3-BF4B-00C04F79EFBC}") = "DroneLander.Android", "DroneLander\DroneLander.Android\DroneLander.Android.csproj", "{45D7E972-3B15-4FB8-99AB-8864CFC8EA45}"
EndProject
Project("{FAE04EC0-301F-11D3-BF4B-00C04F79EFBC}") = "DroneLander", "DroneLander\DroneLander\DroneLander.csproj", "{03C5B3F7-5477-48F7-8481-E07FBF9C79CB}"
EndProject
Project("{FAE04EC0-301F-11D3-BF4B-00C04F79EFBC}") = "DroneLander.UWP", "DroneLander\DroneLander.UWP\DroneLander.UWP.csproj", "{F5C31137-22B7-47CA-888E-1FF920766795}"
EndProject
Project("{FAE04EC0-301F-11D3-BF4B-00C04F79EFBC}") = "DroneLander.iOS", "DroneLander\DroneLander.iOS\DroneLander.iOS.csproj", "{EE09F1BA-6EF4-4463-BA74-C8A2F449AE20}"
EndProject
Global
	GlobalSection(SolutionConfigurationPlatforms) = preSolution
		Ad-Hoc|Any CPU = Ad-Hoc|Any CPU
		Ad-Hoc|ARM = Ad-Hoc|ARM
		Ad-Hoc|iPhone = Ad-Hoc|iPhone
		Ad-Hoc|iPhoneSimulator = Ad-Hoc|iPhoneSimulator
		Ad-Hoc|x64 = Ad-Hoc|x64
		Ad-Hoc|x86 = Ad-Hoc|x86
		AppStore|Any CPU = AppStore|Any CPU
		AppStore|ARM = AppStore|ARM
		AppStore|iPhone = AppStore|iPhone
		AppStore|iPhoneSimulator = AppStore|iPhoneSimulator
		AppStore|x64 = AppStore|x64
		AppStore|x86 = AppStore|x86
		Debug|Any CPU = Debug|Any CPU
		Debug|ARM = Debug|ARM
		Debug|iPhone = Debug|iPhone
		Debug|iPhoneSimulator = Debug|iPhoneSimulator
		Debug|x64 = Debug|x64
		Debug|x86 = Debug|x86
		Release|Any CPU = Release|Any CPU
		Release|ARM = Release|ARM
		Release|iPhone = Release|iPhone
		Release|iPhoneSimulator = Release|iPhoneSimulator
		Release|x64 = Release|x64
		Release|x86 = Release|x86
	EndGlobalSection
	GlobalSection(ProjectConfigurationPlatforms) = postSolution
		{45D7E972-3B15-4FB8-99AB-8864CFC8EA45}.Ad-Hoc|Any CPU.ActiveCfg = Release|Any CPU
		{45D7E972-3B15-4FB8-99AB-8864CFC8EA45}.Ad-Hoc|Any CPU.Build.0 = Release|Any CPU
		{45D7E972-3B15-4FB8-99AB-8864CFC8EA45}.Ad-Hoc|Any CPU.Deploy.0 = Release|Any CPU
		{45D7E972-3B15-4FB8-99AB-8864CFC8EA45}.Ad-Hoc|ARM.ActiveCfg = Release|Any CPU
		{45D7E972-3B15-4FB8-99AB-8864CFC8EA45}.Ad-Hoc|ARM.Build.0 = Release|Any CPU
		{45D7E972-3B15-4FB8-99AB-8864CFC8EA45}.Ad-Hoc|ARM.Deploy.0 = Release|Any CPU
		{45D7E972-3B15-4FB8-99AB-8864CFC8EA45}.Ad-Hoc|iPhone.ActiveCfg = Release|Any CPU
		{45D7E972-3B15-4FB8-99AB-8864CFC8EA45}.Ad-Hoc|iPhone.Build.0 = Release|Any CPU
		{45D7E972-3B15-4FB8-99AB-8864CFC8EA45}.Ad-Hoc|iPhone.Deploy.0 = Release|Any CPU
		{45D7E972-3B15-4FB8-99AB-8864CFC8EA45}.Ad-Hoc|iPhoneSimulator.ActiveCfg = Release|Any CPU
		{45D7E972-3B15-4FB8-99AB-8864CFC8EA45}.Ad-Hoc|iPhoneSimulator.Build.0 = Release|Any CPU
		{45D7E972-3B15-4FB8-99AB-8864CFC8EA45}.Ad-Hoc|iPhoneSimulator.Deploy.0 = Release|Any CPU
		{45D7E972-3B15-4FB8-99AB-8864CFC8EA45}.Ad-Hoc|x64.ActiveCfg = Release|Any CPU
		{45D7E972-3B15-4FB8-99AB-8864CFC8EA45}.Ad-Hoc|x64.Build.0 = Release|Any CPU
		{45D7E972-3B15-4FB8-99AB-8864CFC8EA45}.Ad-Hoc|x64.Deploy.0 = Release|Any CPU
		{45D7E972-3B15-4FB8-99AB-8864CFC8EA45}.Ad-Hoc|x86.ActiveCfg = Release|Any CPU
		{45D7E972-3B15-4FB8-99AB-8864CFC8EA45}.Ad-Hoc|x86.Build.0 = Release|Any CPU
		{45D7E972-3B15-4FB8-99AB-8864CFC8EA45}.Ad-Hoc|x86.Deploy.0 = Release|Any CPU
		{45D7E972-3B15-4FB8-99AB-8864CFC8EA45}.AppStore|Any CPU.ActiveCfg = Release|Any CPU
		{45D7E972-3B15-4FB8-99AB-8864CFC8EA45}.AppStore|Any CPU.Build.0 = Release|Any CPU
		{45D7E972-3B15-4FB8-99AB-8864CFC8EA45}.AppStore|Any CPU.Deploy.0 = Release|Any CPU
		{45D7E972-3B15-4FB8-99AB-8864CFC8EA45}.AppStore|ARM.ActiveCfg = Release|Any CPU
		{45D7E972-3B15-4FB8-99AB-8864CFC8EA45}.AppStore|ARM.Build.0 = Release|Any CPU
		{45D7E972-3B15-4FB8-99AB-8864CFC8EA45}.AppStore|ARM.Deploy.0 = Release|Any CPU
		{45D7E972-3B15-4FB8-99AB-8864CFC8EA45}.AppStore|iPhone.ActiveCfg = Release|Any CPU
		{45D7E972-3B15-4FB8-99AB-8864CFC8EA45}.AppStore|iPhone.Build.0 = Release|Any CPU
		{45D7E972-3B15-4FB8-99AB-8864CFC8EA45}.AppStore|iPhone.Deploy.0 = Release|Any CPU
		{45D7E972-3B15-4FB8-99AB-8864CFC8EA45}.AppStore|iPhoneSimulator.ActiveCfg = Release|Any CPU
		{45D7E972-3B15-4FB8-99AB-8864CFC8EA45}.AppStore|iPhoneSimulator.Build.0 = Release|Any CPU
		{45D7E972-3B15-4FB8-99AB-8864CFC8EA45}.AppStore|iPhoneSimulator.Deploy.0 = Release|Any CPU
		{45D7E972-3B15-4FB8-99AB-8864CFC8EA45}.AppStore|x64.ActiveCfg = Release|Any CPU
		{45D7E972-3B15-4FB8-99AB-8864CFC8EA45}.AppStore|x64.Build.0 = Release|Any CPU
		{45D7E972-3B15-4FB8-99AB-8864CFC8EA45}.AppStore|x64.Deploy.0 = Release|Any CPU
		{45D7E972-3B15-4FB8-99AB-8864CFC8EA45}.AppStore|x86.ActiveCfg = Release|Any CPU
		{45D7E972-3B15-4FB8-99AB-8864CFC8EA45}.AppStore|x86.Build.0 = Release|Any CPU
		{45D7E972-3B15-4FB8-99AB-8864CFC8EA45}.AppStore|x86.Deploy.0 = Release|Any CPU
		{45D7E972-3B15-4FB8-99AB-8864CFC8EA45}.Debug|Any CPU.ActiveCfg = Debug|Any CPU
		{45D7E972-3B15-4FB8-99AB-8864CFC8EA45}.Debug|Any CPU.Build.0 = Debug|Any CPU
		{45D7E972-3B15-4FB8-99AB-8864CFC8EA45}.Debug|Any CPU.Deploy.0 = Debug|Any CPU
		{45D7E972-3B15-4FB8-99AB-8864CFC8EA45}.Debug|ARM.ActiveCfg = Debug|Any CPU
		{45D7E972-3B15-4FB8-99AB-8864CFC8EA45}.Debug|ARM.Build.0 = Debug|Any CPU
		{45D7E972-3B15-4FB8-99AB-8864CFC8EA45}.Debug|ARM.Deploy.0 = Debug|Any CPU
		{45D7E972-3B15-4FB8-99AB-8864CFC8EA45}.Debug|iPhone.ActiveCfg = Debug|Any CPU
		{45D7E972-3B15-4FB8-99AB-8864CFC8EA45}.Debug|iPhone.Build.0 = Debug|Any CPU
		{45D7E972-3B15-4FB8-99AB-8864CFC8EA45}.Debug|iPhone.Deploy.0 = Debug|Any CPU
		{45D7E972-3B15-4FB8-99AB-8864CFC8EA45}.Debug|iPhoneSimulator.ActiveCfg = Debug|Any CPU
		{45D7E972-3B15-4FB8-99AB-8864CFC8EA45}.Debug|iPhoneSimulator.Build.0 = Debug|Any CPU
		{45D7E972-3B15-4FB8-99AB-8864CFC8EA45}.Debug|iPhoneSimulator.Deploy.0 = Debug|Any CPU
		{45D7E972-3B15-4FB8-99AB-8864CFC8EA45}.Debug|x64.ActiveCfg = Debug|Any CPU
		{45D7E972-3B15-4FB8-99AB-8864CFC8EA45}.Debug|x64.Build.0 = Debug|Any CPU
		{45D7E972-3B15-4FB8-99AB-8864CFC8EA45}.Debug|x64.Deploy.0 = Debug|Any CPU
		{45D7E972-3B15-4FB8-99AB-8864CFC8EA45}.Debug|x86.ActiveCfg = Debug|Any CPU
		{45D7E972-3B15-4FB8-99AB-8864CFC8EA45}.Debug|x86.Build.0 = Debug|Any CPU
		{45D7E972-3B15-4FB8-99AB-8864CFC8EA45}.Debug|x86.Deploy.0 = Debug|Any CPU
		{45D7E972-3B15-4FB8-99AB-8864CFC8EA45}.Release|Any CPU.ActiveCfg = Release|Any CPU
		{45D7E972-3B15-4FB8-99AB-8864CFC8EA45}.Release|Any CPU.Build.0 = Release|Any CPU
		{45D7E972-3B15-4FB8-99AB-8864CFC8EA45}.Release|Any CPU.Deploy.0 = Release|Any CPU
		{45D7E972-3B15-4FB8-99AB-8864CFC8EA45}.Release|ARM.ActiveCfg = Release|Any CPU
		{45D7E972-3B15-4FB8-99AB-8864CFC8EA45}.Release|ARM.Build.0 = Release|Any CPU
		{45D7E972-3B15-4FB8-99AB-8864CFC8EA45}.Release|ARM.Deploy.0 = Release|Any CPU
		{45D7E972-3B15-4FB8-99AB-8864CFC8EA45}.Release|iPhone.ActiveCfg = Release|Any CPU
		{45D7E972-3B15-4FB8-99AB-8864CFC8EA45}.Release|iPhone.Build.0 = Release|Any CPU
		{45D7E972-3B15-4FB8-99AB-8864CFC8EA45}.Release|iPhone.Deploy.0 = Release|Any CPU
		{45D7E972-3B15-4FB8-99AB-8864CFC8EA45}.Release|iPhoneSimulator.ActiveCfg = Release|Any CPU
		{45D7E972-3B15-4FB8-99AB-8864CFC8EA45}.Release|iPhoneSimulator.Build.0 = Release|Any CPU
		{45D7E972-3B15-4FB8-99AB-8864CFC8EA45}.Release|iPhoneSimulator.Deploy.0 = Release|Any CPU
		{45D7E972-3B15-4FB8-99AB-8864CFC8EA45}.Release|x64.ActiveCfg = Release|Any CPU
		{45D7E972-3B15-4FB8-99AB-8864CFC8EA45}.Release|x64.Build.0 = Release|Any CPU
		{45D7E972-3B15-4FB8-99AB-8864CFC8EA45}.Release|x64.Deploy.0 = Release|Any CPU
		{45D7E972-3B15-4FB8-99AB-8864CFC8EA45}.Release|x86.ActiveCfg = Release|Any CPU
		{45D7E972-3B15-4FB8-99AB-8864CFC8EA45}.Release|x86.Build.0 = Release|Any CPU
		{45D7E972-3B15-4FB8-99AB-8864CFC8EA45}.Release|x86.Deploy.0 = Release|Any CPU
		{03C5B3F7-5477-48F7-8481-E07FBF9C79CB}.Ad-Hoc|Any CPU.ActiveCfg = Release|Any CPU
		{03C5B3F7-5477-48F7-8481-E07FBF9C79CB}.Ad-Hoc|Any CPU.Build.0 = Release|Any CPU
		{03C5B3F7-5477-48F7-8481-E07FBF9C79CB}.Ad-Hoc|ARM.ActiveCfg = Release|Any CPU
		{03C5B3F7-5477-48F7-8481-E07FBF9C79CB}.Ad-Hoc|ARM.Build.0 = Release|Any CPU
		{03C5B3F7-5477-48F7-8481-E07FBF9C79CB}.Ad-Hoc|iPhone.ActiveCfg = Release|Any CPU
		{03C5B3F7-5477-48F7-8481-E07FBF9C79CB}.Ad-Hoc|iPhone.Build.0 = Release|Any CPU
		{03C5B3F7-5477-48F7-8481-E07FBF9C79CB}.Ad-Hoc|iPhoneSimulator.ActiveCfg = Release|Any CPU
		{03C5B3F7-5477-48F7-8481-E07FBF9C79CB}.Ad-Hoc|iPhoneSimulator.Build.0 = Release|Any CPU
		{03C5B3F7-5477-48F7-8481-E07FBF9C79CB}.Ad-Hoc|x64.ActiveCfg = Release|Any CPU
		{03C5B3F7-5477-48F7-8481-E07FBF9C79CB}.Ad-Hoc|x64.Build.0 = Release|Any CPU
		{03C5B3F7-5477-48F7-8481-E07FBF9C79CB}.Ad-Hoc|x86.ActiveCfg = Release|Any CPU
		{03C5B3F7-5477-48F7-8481-E07FBF9C79CB}.Ad-Hoc|x86.Build.0 = Release|Any CPU
		{03C5B3F7-5477-48F7-8481-E07FBF9C79CB}.AppStore|Any CPU.ActiveCfg = Release|Any CPU
		{03C5B3F7-5477-48F7-8481-E07FBF9C79CB}.AppStore|Any CPU.Build.0 = Release|Any CPU
		{03C5B3F7-5477-48F7-8481-E07FBF9C79CB}.AppStore|ARM.ActiveCfg = Release|Any CPU
		{03C5B3F7-5477-48F7-8481-E07FBF9C79CB}.AppStore|ARM.Build.0 = Release|Any CPU
		{03C5B3F7-5477-48F7-8481-E07FBF9C79CB}.AppStore|iPhone.ActiveCfg = Release|Any CPU
		{03C5B3F7-5477-48F7-8481-E07FBF9C79CB}.AppStore|iPhone.Build.0 = Release|Any CPU
		{03C5B3F7-5477-48F7-8481-E07FBF9C79CB}.AppStore|iPhoneSimulator.ActiveCfg = Release|Any CPU
		{03C5B3F7-5477-48F7-8481-E07FBF9C79CB}.AppStore|iPhoneSimulator.Build.0 = Release|Any CPU
		{03C5B3F7-5477-48F7-8481-E07FBF9C79CB}.AppStore|x64.ActiveCfg = Release|Any CPU
		{03C5B3F7-5477-48F7-8481-E07FBF9C79CB}.AppStore|x64.Build.0 = Release|Any CPU
		{03C5B3F7-5477-48F7-8481-E07FBF9C79CB}.AppStore|x86.ActiveCfg = Release|Any CPU
		{03C5B3F7-5477-48F7-8481-E07FBF9C79CB}.AppStore|x86.Build.0 = Release|Any CPU
		{03C5B3F7-5477-48F7-8481-E07FBF9C79CB}.Debug|Any CPU.ActiveCfg = Debug|Any CPU
		{03C5B3F7-5477-48F7-8481-E07FBF9C79CB}.Debug|Any CPU.Build.0 = Debug|Any CPU
		{03C5B3F7-5477-48F7-8481-E07FBF9C79CB}.Debug|ARM.ActiveCfg = Debug|Any CPU
		{03C5B3F7-5477-48F7-8481-E07FBF9C79CB}.Debug|ARM.Build.0 = Debug|Any CPU
		{03C5B3F7-5477-48F7-8481-E07FBF9C79CB}.Debug|iPhone.ActiveCfg = Debug|Any CPU
		{03C5B3F7-5477-48F7-8481-E07FBF9C79CB}.Debug|iPhone.Build.0 = Debug|Any CPU
		{03C5B3F7-5477-48F7-8481-E07FBF9C79CB}.Debug|iPhoneSimulator.ActiveCfg = Debug|Any CPU
		{03C5B3F7-5477-48F7-8481-E07FBF9C79CB}.Debug|iPhoneSimulator.Build.0 = Debug|Any CPU
		{03C5B3F7-5477-48F7-8481-E07FBF9C79CB}.Debug|x64.ActiveCfg = Debug|Any CPU
		{03C5B3F7-5477-48F7-8481-E07FBF9C79CB}.Debug|x64.Build.0 = Debug|Any CPU
		{03C5B3F7-5477-48F7-8481-E07FBF9C79CB}.Debug|x86.ActiveCfg = Debug|Any CPU
		{03C5B3F7-5477-48F7-8481-E07FBF9C79CB}.Debug|x86.Build.0 = Debug|Any CPU
		{03C5B3F7-5477-48F7-8481-E07FBF9C79CB}.Release|Any CPU.ActiveCfg = Release|Any CPU
		{03C5B3F7-5477-48F7-8481-E07FBF9C79CB}.Release|Any CPU.Build.0 = Release|Any CPU
		{03C5B3F7-5477-48F7-8481-E07FBF9C79CB}.Release|ARM.ActiveCfg = Release|Any CPU
		{03C5B3F7-5477-48F7-8481-E07FBF9C79CB}.Release|ARM.Build.0 = Release|Any CPU
		{03C5B3F7-5477-48F7-8481-E07FBF9C79CB}.Release|iPhone.ActiveCfg = Release|Any CPU
		{03C5B3F7-5477-48F7-8481-E07FBF9C79CB}.Release|iPhone.Build.0 = Release|Any CPU
		{03C5B3F7-5477-48F7-8481-E07FBF9C79CB}.Release|iPhoneSimulator.ActiveCfg = Release|Any CPU
		{03C5B3F7-5477-48F7-8481-E07FBF9C79CB}.Release|iPhoneSimulator.Build.0 = Release|Any CPU
		{03C5B3F7-5477-48F7-8481-E07FBF9C79CB}.Release|x64.ActiveCfg = Release|Any CPU
		{03C5B3F7-5477-48F7-8481-E07FBF9C79CB}.Release|x64.Build.0 = Release|Any CPU
		{03C5B3F7-5477-48F7-8481-E07FBF9C79CB}.Release|x86.ActiveCfg = Release|Any CPU
		{03C5B3F7-5477-48F7-8481-E07FBF9C79CB}.Release|x86.Build.0 = Release|Any CPU
		{F5C31137-22B7-47CA-888E-1FF920766795}.Ad-Hoc|Any CPU.ActiveCfg = Release|x86
		{F5C31137-22B7-47CA-888E-1FF920766795}.Ad-Hoc|Any CPU.Build.0 = Release|x86
		{F5C31137-22B7-47CA-888E-1FF920766795}.Ad-Hoc|Any CPU.Deploy.0 = Release|x86
		{F5C31137-22B7-47CA-888E-1FF920766795}.Ad-Hoc|ARM.ActiveCfg = Release|ARM
		{F5C31137-22B7-47CA-888E-1FF920766795}.Ad-Hoc|ARM.Build.0 = Release|ARM
		{F5C31137-22B7-47CA-888E-1FF920766795}.Ad-Hoc|ARM.Deploy.0 = Release|ARM
		{F5C31137-22B7-47CA-888E-1FF920766795}.Ad-Hoc|iPhone.ActiveCfg = Release|x86
		{F5C31137-22B7-47CA-888E-1FF920766795}.Ad-Hoc|iPhone.Build.0 = Release|x86
		{F5C31137-22B7-47CA-888E-1FF920766795}.Ad-Hoc|iPhone.Deploy.0 = Release|x86
		{F5C31137-22B7-47CA-888E-1FF920766795}.Ad-Hoc|iPhoneSimulator.ActiveCfg = Release|x86
		{F5C31137-22B7-47CA-888E-1FF920766795}.Ad-Hoc|iPhoneSimulator.Build.0 = Release|x86
		{F5C31137-22B7-47CA-888E-1FF920766795}.Ad-Hoc|iPhoneSimulator.Deploy.0 = Release|x86
		{F5C31137-22B7-47CA-888E-1FF920766795}.Ad-Hoc|x64.ActiveCfg = Release|x64
		{F5C31137-22B7-47CA-888E-1FF920766795}.Ad-Hoc|x64.Build.0 = Release|x64
		{F5C31137-22B7-47CA-888E-1FF920766795}.Ad-Hoc|x64.Deploy.0 = Release|x64
		{F5C31137-22B7-47CA-888E-1FF920766795}.Ad-Hoc|x86.ActiveCfg = Release|x86
		{F5C31137-22B7-47CA-888E-1FF920766795}.Ad-Hoc|x86.Build.0 = Release|x86
		{F5C31137-22B7-47CA-888E-1FF920766795}.Ad-Hoc|x86.Deploy.0 = Release|x86
		{F5C31137-22B7-47CA-888E-1FF920766795}.AppStore|Any CPU.ActiveCfg = Release|x86
		{F5C31137-22B7-47CA-888E-1FF920766795}.AppStore|Any CPU.Build.0 = Release|x86
		{F5C31137-22B7-47CA-888E-1FF920766795}.AppStore|Any CPU.Deploy.0 = Release|x86
		{F5C31137-22B7-47CA-888E-1FF920766795}.AppStore|ARM.ActiveCfg = Release|ARM
		{F5C31137-22B7-47CA-888E-1FF920766795}.AppStore|ARM.Build.0 = Release|ARM
		{F5C31137-22B7-47CA-888E-1FF920766795}.AppStore|ARM.Deploy.0 = Release|ARM
		{F5C31137-22B7-47CA-888E-1FF920766795}.AppStore|iPhone.ActiveCfg = Release|x86
		{F5C31137-22B7-47CA-888E-1FF920766795}.AppStore|iPhone.Build.0 = Release|x86
		{F5C31137-22B7-47CA-888E-1FF920766795}.AppStore|iPhone.Deploy.0 = Release|x86
		{F5C31137-22B7-47CA-888E-1FF920766795}.AppStore|iPhoneSimulator.ActiveCfg = Release|x86
		{F5C31137-22B7-47CA-888E-1FF920766795}.AppStore|iPhoneSimulator.Build.0 = Release|x86
		{F5C31137-22B7-47CA-888E-1FF920766795}.AppStore|iPhoneSimulator.Deploy.0 = Release|x86
		{F5C31137-22B7-47CA-888E-1FF920766795}.AppStore|x64.ActiveCfg = Release|x64
		{F5C31137-22B7-47CA-888E-1FF920766795}.AppStore|x64.Build.0 = Release|x64
		{F5C31137-22B7-47CA-888E-1FF920766795}.AppStore|x64.Deploy.0 = Release|x64
		{F5C31137-22B7-47CA-888E-1FF920766795}.AppStore|x86.ActiveCfg = Release|x86
		{F5C31137-22B7-47CA-888E-1FF920766795}.AppStore|x86.Build.0 = Release|x86
		{F5C31137-22B7-47CA-888E-1FF920766795}.AppStore|x86.Deploy.0 = Release|x86
		{F5C31137-22B7-47CA-888E-1FF920766795}.Debug|Any CPU.ActiveCfg = Debug|x86
		{F5C31137-22B7-47CA-888E-1FF920766795}.Debug|ARM.ActiveCfg = Debug|ARM
		{F5C31137-22B7-47CA-888E-1FF920766795}.Debug|ARM.Build.0 = Debug|ARM
		{F5C31137-22B7-47CA-888E-1FF920766795}.Debug|ARM.Deploy.0 = Debug|ARM
		{F5C31137-22B7-47CA-888E-1FF920766795}.Debug|iPhone.ActiveCfg = Debug|x86
		{F5C31137-22B7-47CA-888E-1FF920766795}.Debug|iPhoneSimulator.ActiveCfg = Debug|x86
		{F5C31137-22B7-47CA-888E-1FF920766795}.Debug|x64.ActiveCfg = Debug|x64
		{F5C31137-22B7-47CA-888E-1FF920766795}.Debug|x64.Build.0 = Debug|x64
		{F5C31137-22B7-47CA-888E-1FF920766795}.Debug|x64.Deploy.0 = Debug|x64
		{F5C31137-22B7-47CA-888E-1FF920766795}.Debug|x86.ActiveCfg = Debug|x86
		{F5C31137-22B7-47CA-888E-1FF920766795}.Debug|x86.Build.0 = Debug|x86
		{F5C31137-22B7-47CA-888E-1FF920766795}.Debug|x86.Deploy.0 = Debug|x86
		{F5C31137-22B7-47CA-888E-1FF920766795}.Release|Any CPU.ActiveCfg = Release|x86
		{F5C31137-22B7-47CA-888E-1FF920766795}.Release|ARM.ActiveCfg = Release|ARM
		{F5C31137-22B7-47CA-888E-1FF920766795}.Release|ARM.Build.0 = Release|ARM
		{F5C31137-22B7-47CA-888E-1FF920766795}.Release|ARM.Deploy.0 = Release|ARM
		{F5C31137-22B7-47CA-888E-1FF920766795}.Release|iPhone.ActiveCfg = Release|x86
		{F5C31137-22B7-47CA-888E-1FF920766795}.Release|iPhoneSimulator.ActiveCfg = Release|x86
		{F5C31137-22B7-47CA-888E-1FF920766795}.Release|x64.ActiveCfg = Release|x64
		{F5C31137-22B7-47CA-888E-1FF920766795}.Release|x64.Build.0 = Release|x64
		{F5C31137-22B7-47CA-888E-1FF920766795}.Release|x64.Deploy.0 = Release|x64
		{F5C31137-22B7-47CA-888E-1FF920766795}.Release|x86.ActiveCfg = Release|x86
		{F5C31137-22B7-47CA-888E-1FF920766795}.Release|x86.Build.0 = Release|x86
		{F5C31137-22B7-47CA-888E-1FF920766795}.Release|x86.Deploy.0 = Release|x86
		{EE09F1BA-6EF4-4463-BA74-C8A2F449AE20}.Ad-Hoc|Any CPU.ActiveCfg = Ad-Hoc|iPhoneSimulator
		{EE09F1BA-6EF4-4463-BA74-C8A2F449AE20}.Ad-Hoc|ARM.ActiveCfg = Ad-Hoc|iPhone
		{EE09F1BA-6EF4-4463-BA74-C8A2F449AE20}.Ad-Hoc|iPhone.ActiveCfg = Ad-Hoc|iPhone
		{EE09F1BA-6EF4-4463-BA74-C8A2F449AE20}.Ad-Hoc|iPhone.Build.0 = Ad-Hoc|iPhone
		{EE09F1BA-6EF4-4463-BA74-C8A2F449AE20}.Ad-Hoc|iPhoneSimulator.ActiveCfg = Ad-Hoc|iPhoneSimulator
		{EE09F1BA-6EF4-4463-BA74-C8A2F449AE20}.Ad-Hoc|iPhoneSimulator.Build.0 = Ad-Hoc|iPhoneSimulator
		{EE09F1BA-6EF4-4463-BA74-C8A2F449AE20}.Ad-Hoc|x64.ActiveCfg = Ad-Hoc|iPhone
		{EE09F1BA-6EF4-4463-BA74-C8A2F449AE20}.Ad-Hoc|x86.ActiveCfg = Ad-Hoc|iPhone
		{EE09F1BA-6EF4-4463-BA74-C8A2F449AE20}.AppStore|Any CPU.ActiveCfg = AppStore|iPhoneSimulator
		{EE09F1BA-6EF4-4463-BA74-C8A2F449AE20}.AppStore|ARM.ActiveCfg = AppStore|iPhone
		{EE09F1BA-6EF4-4463-BA74-C8A2F449AE20}.AppStore|iPhone.ActiveCfg = AppStore|iPhone
		{EE09F1BA-6EF4-4463-BA74-C8A2F449AE20}.AppStore|iPhone.Build.0 = AppStore|iPhone
		{EE09F1BA-6EF4-4463-BA74-C8A2F449AE20}.AppStore|iPhoneSimulator.ActiveCfg = AppStore|iPhoneSimulator
		{EE09F1BA-6EF4-4463-BA74-C8A2F449AE20}.AppStore|iPhoneSimulator.Build.0 = AppStore|iPhoneSimulator
		{EE09F1BA-6EF4-4463-BA74-C8A2F449AE20}.AppStore|x64.ActiveCfg = AppStore|iPhone
		{EE09F1BA-6EF4-4463-BA74-C8A2F449AE20}.AppStore|x86.ActiveCfg = AppStore|iPhone
		{EE09F1BA-6EF4-4463-BA74-C8A2F449AE20}.Debug|Any CPU.ActiveCfg = Debug|iPhoneSimulator
		{EE09F1BA-6EF4-4463-BA74-C8A2F449AE20}.Debug|ARM.ActiveCfg = Debug|iPhone
		{EE09F1BA-6EF4-4463-BA74-C8A2F449AE20}.Debug|iPhone.ActiveCfg = Debug|iPhone
		{EE09F1BA-6EF4-4463-BA74-C8A2F449AE20}.Debug|iPhone.Build.0 = Debug|iPhone
		{EE09F1BA-6EF4-4463-BA74-C8A2F449AE20}.Debug|iPhoneSimulator.ActiveCfg = Debug|iPhoneSimulator
		{EE09F1BA-6EF4-4463-BA74-C8A2F449AE20}.Debug|iPhoneSimulator.Build.0 = Debug|iPhoneSimulator
		{EE09F1BA-6EF4-4463-BA74-C8A2F449AE20}.Debug|x64.ActiveCfg = Debug|iPhone
		{EE09F1BA-6EF4-4463-BA74-C8A2F449AE20}.Debug|x86.ActiveCfg = Debug|iPhone
		{EE09F1BA-6EF4-4463-BA74-C8A2F449AE20}.Release|Any CPU.ActiveCfg = Release|iPhoneSimulator
		{EE09F1BA-6EF4-4463-BA74-C8A2F449AE20}.Release|ARM.ActiveCfg = Release|iPhone
		{EE09F1BA-6EF4-4463-BA74-C8A2F449AE20}.Release|iPhone.ActiveCfg = Release|iPhone
		{EE09F1BA-6EF4-4463-BA74-C8A2F449AE20}.Release|iPhone.Build.0 = Release|iPhone
		{EE09F1BA-6EF4-4463-BA74-C8A2F449AE20}.Release|iPhoneSimulator.ActiveCfg = Release|iPhoneSimulator
		{EE09F1BA-6EF4-4463-BA74-C8A2F449AE20}.Release|iPhoneSimulator.Build.0 = Release|iPhoneSimulator
		{EE09F1BA-6EF4-4463-BA74-C8A2F449AE20}.Release|x64.ActiveCfg = Release|iPhone
		{EE09F1BA-6EF4-4463-BA74-C8A2F449AE20}.Release|x86.ActiveCfg = Release|iPhone
	EndGlobalSection
	GlobalSection(SolutionProperties) = preSolution
		HideSolutionNode = FALSE
	EndGlobalSection
	GlobalSection(ExtensibilityGlobals) = postSolution
		SolutionGuid = {A6E60B51-359B-4424-941C-10BFCBF258A9}
	EndGlobalSection
EndGlobal
